
Microsoft Visual Studio Solution File, Format Version 12.00
# Visual Studio Version 16
VisualStudioVersion = 16.0.31702.278
MinimumVisualStudioVersion = 10.0.40219.1
Project("{8BC9CEB8-8B4A-11D0-8D11-00A0C91BC942}") = "NeuralNet", "NeuralNet\NeuralNet.vcxproj", "{20DF5DF5-ABC8-4AAE-9AB8-E3035297A95B}"
EndProject
Project("{8BC9CEB8-8B4A-11D0-8D11-00A0C91BC942}") = "GetL", "GetL\GetL.vcxproj", "{83D2F500-CF8A-4F61-AD74-3A9BD994C5E5}"
EndProject
Project("{8BC9CEB8-8B4A-11D0-8D11-00A0C91BC942}") = "LList", "LList\LList.vcxproj", "{2F865365-AB64-4AE6-B5F6-B1ED4FB7CE36}"
EndProject
Project("{8BC9CEB8-8B4A-11D0-8D11-00A0C91BC942}") = "Random", "Random\Random.vcxproj", "{95ECF24E-4D3D-405A-9B87-A1AA136C7E70}"
EndProject
Project("{8BC9CEB8-8B4A-11D0-8D11-00A0C91BC942}") = "ErrorF", "ErrorF\ErrorF.vcxproj", "{404B0778-8B5A-4148-A820-56E157489AF4}"
EndProject
Global
	GlobalSection(SolutionConfigurationPlatforms) = preSolution
		Debug|x64 = Debug|x64
		Debug|x86 = Debug|x86
		Release|x64 = Release|x64
		Release|x86 = Release|x86
	EndGlobalSection
	GlobalSection(ProjectConfigurationPlatforms) = postSolution
		{20DF5DF5-ABC8-4AAE-9AB8-E3035297A95B}.Debug|x64.ActiveCfg = Debug|x64
		{20DF5DF5-ABC8-4AAE-9AB8-E3035297A95B}.Debug|x64.Build.0 = Debug|x64
		{20DF5DF5-ABC8-4AAE-9AB8-E3035297A95B}.Debug|x86.ActiveCfg = Debug|x64
		{20DF5DF5-ABC8-4AAE-9AB8-E3035297A95B}.Release|x64.ActiveCfg = Release|x64
		{20DF5DF5-ABC8-4AAE-9AB8-E3035297A95B}.Release|x64.Build.0 = Release|x64
		{20DF5DF5-ABC8-4AAE-9AB8-E3035297A95B}.Release|x86.ActiveCfg = Release|x64
		{83D2F500-CF8A-4F61-AD74-3A9BD994C5E5}.Debug|x64.ActiveCfg = Debug|x64
		{83D2F500-CF8A-4F61-AD74-3A9BD994C5E5}.Debug|x64.Build.0 = Debug|x64
		{83D2F500-CF8A-4F61-AD74-3A9BD994C5E5}.Debug|x86.ActiveCfg = Debug|x64
		{83D2F500-CF8A-4F61-AD74-3A9BD994C5E5}.Release|x64.ActiveCfg = Release|x64
		{83D2F500-CF8A-4F61-AD74-3A9BD994C5E5}.Release|x64.Build.0 = Release|x64
		{83D2F500-CF8A-4F61-AD74-3A9BD994C5E5}.Release|x86.ActiveCfg = Release|x64
		{2F865365-AB64-4AE6-B5F6-B1ED4FB7CE36}.Debug|x64.ActiveCfg = Debug|x64
		{2F865365-AB64-4AE6-B5F6-B1ED4FB7CE36}.Debug|x64.Build.0 = Debug|x64
		{2F865365-AB64-4AE6-B5F6-B1ED4FB7CE36}.Debug|x86.ActiveCfg = Debug|x64
		{2F865365-AB64-4AE6-B5F6-B1ED4FB7CE36}.Release|x64.ActiveCfg = Release|x64
		{2F865365-AB64-4AE6-B5F6-B1ED4FB7CE36}.Release|x64.Build.0 = Release|x64
		{2F865365-AB64-4AE6-B5F6-B1ED4FB7CE36}.Release|x86.ActiveCfg = Release|x64
		{95ECF24E-4D3D-405A-9B87-A1AA136C7E70}.Debug|x64.ActiveCfg = Debug|x64
		{95ECF24E-4D3D-405A-9B87-A1AA136C7E70}.Debug|x64.Build.0 = Debug|x64
		{95ECF24E-4D3D-405A-9B87-A1AA136C7E70}.Debug|x86.ActiveCfg = Debug|x64
		{95ECF24E-4D3D-405A-9B87-A1AA136C7E70}.Release|x64.ActiveCfg = Release|x64
		{95ECF24E-4D3D-405A-9B87-A1AA136C7E70}.Release|x64.Build.0 = Release|x64
		{95ECF24E-4D3D-405A-9B87-A1AA136C7E70}.Release|x86.ActiveCfg = Release|x64
		{404B0778-8B5A-4148-A820-56E157489AF4}.Debug|x64.ActiveCfg = Debug|x64
		{404B0778-8B5A-4148-A820-56E157489AF4}.Debug|x64.Build.0 = Debug|x64
		{404B0778-8B5A-4148-A820-56E157489AF4}.Debug|x86.ActiveCfg = Debug|x64
		{404B0778-8B5A-4148-A820-56E157489AF4}.Release|x64.ActiveCfg = Release|x64
		{404B0778-8B5A-4148-A820-56E157489AF4}.Release|x64.Build.0 = Release|x64
		{404B0778-8B5A-4148-A820-56E157489AF4}.Release|x86.ActiveCfg = Release|x64
	EndGlobalSection
	GlobalSection(SolutionProperties) = preSolution
		HideSolutionNode = FALSE
	EndGlobalSection
	GlobalSection(ExtensibilityGlobals) = postSolution
		SolutionGuid = {E7A3ADD3-961B-45FF-B8BA-AC6945E92179}
	EndGlobalSection
EndGlobal
