<?xml version="1.0" encoding="utf-8"?>
<Project ToolsVersion="4.0" xmlns="http://schemas.microsoft.com/developer/msbuild/2003">
  <ItemGroup>
    <Filter Include="Header Files">
      <UniqueIdentifier>{90f1f6a8-fe5a-4343-8d72-4ff296a2d800}</UniqueIdentifier>
    </Filter>
    <Filter Include="Source Files">
      <UniqueIdentifier>{ad987eec-36a9-42eb-9658-a167ef3ed26b}</UniqueIdentifier>
    </Filter>
    <Filter Include="Input Files">
      <UniqueIdentifier>{580b09cc-c22d-4b29-92c5-07e0c3fd379d}</UniqueIdentifier>
    </Filter>
  </ItemGroup>
  <ItemGroup>
    <ClInclude Include="commands.h">
      <Filter>Header Files</Filter>
    </ClInclude>
    <ClInclude Include="matrix.h">
      <Filter>Header Files</Filter>
    </ClInclude>
    <ClInclude Include="msgpack_reader.h">
      <Filter>Header Files</Filter>
    </ClInclude>
    <ClInclude Include="neuralnetwork.h">
      <Filter>Header Files</Filter>
    </ClInclude>
    <ClInclude Include="resource.h" />
    <ClInclude Include="mallocu.c">
      <Filter>Header Files</Filter>
    </ClInclude>
  </ItemGroup>
  <ItemGroup>
    <ResourceCompile Include="NeuralNet.rc" />
  </ItemGroup>
  <ItemGroup>
    <None Include="digit.net">
      <Filter>Input Files</Filter>
    </None>
    <None Include="digit-dataset">
      <Filter>Input Files</Filter>
    </None>
    <None Include="digit-input-5">
      <Filter>Input Files</Filter>
    </None>
  </ItemGroup>
  <ItemGroup>
    <CudaCompile Include="activationf.c">
      <Filter>Source Files</Filter>
    </CudaCompile>
    <CudaCompile Include="crossover.c">
      <Filter>Source Files</Filter>
    </CudaCompile>
    <CudaCompile Include="get.c">
      <Filter>Source Files</Filter>
    </CudaCompile>
    <CudaCompile Include="help.c">
      <Filter>Source Files</Filter>
    </CudaCompile>
    <CudaCompile Include="info.c">
      <Filter>Source Files</Filter>
    </CudaCompile>
    <CudaCompile Include="load.c">
      <Filter>Source Files</Filter>
    </CudaCompile>
    <CudaCompile Include="matrix.c">
      <Filter>Source Files</Filter>
    </CudaCompile>
    <CudaCompile Include="msgpack_reader.c">
      <Filter>Source Files</Filter>
    </CudaCompile>
    <CudaCompile Include="mutate.c">
      <Filter>Source Files</Filter>
    </CudaCompile>
    <CudaCompile Include="neuralnetwork.c">
      <Filter>Source Files</Filter>
    </CudaCompile>
    <CudaCompile Include="new.c">
      <Filter>Source Files</Filter>
    </CudaCompile>
    <CudaCompile Include="output.c">
      <Filter>Source Files</Filter>
    </CudaCompile>
    <CudaCompile Include="select.c">
      <Filter>Source Files</Filter>
    </CudaCompile>
    <CudaCompile Include="set.c">
      <Filter>Source Files</Filter>
    </CudaCompile>
    <CudaCompile Include="train.c">
      <Filter>Source Files</Filter>
    </CudaCompile>
    <CudaCompile Include="main.c">
      <Filter>Source Files</Filter>
    </CudaCompile>
  </ItemGroup>
</Project>